
Microsoft Visual Studio Solution File, Format Version 12.00
Project("{FAE04EC0-301F-11D3-BF4B-00C04F79EFBC}") = "MovieSvc", "MovieSvc\MovieSvc.csproj", "{8C613230-A3DE-49E6-A980-F9756DABA9C5}"
EndProject
Project("{2150E333-8FDC-42A3-9474-1A3956D46DE8}") = "src", "src", "{18C4E63F-878E-4BA2-8E18-E34B3D44E39A}"
EndProject
Project("{2150E333-8FDC-42A3-9474-1A3956D46DE8}") = "Presentation", "Presentation", "{D78C225C-6DF6-4028-9BFE-1C14A0768E79}"
EndProject
Project("{2150E333-8FDC-42A3-9474-1A3956D46DE8}") = "Core", "Core", "{1F8E3857-ACB4-4FCB-AEB3-F49F6B17166F}"
EndProject
Project("{2150E333-8FDC-42A3-9474-1A3956D46DE8}") = "Infrastructure", "Infrastructure", "{69AC6BF1-44E4-4D82-BC87-62F6691354C4}"
EndProject
Project("{FAE04EC0-301F-11D3-BF4B-00C04F79EFBC}") = "MovieSvc.Domain", "MovieSvc.Domain\MovieSvc.Domain.csproj", "{04C99D60-F271-4A64-A143-19EF83621230}"
EndProject
Project("{FAE04EC0-301F-11D3-BF4B-00C04F79EFBC}") = "MovieSvc.Persistence", "MovieSvc.Persistence\MovieSvc.Persistence.csproj", "{22F32B2F-7CFD-42B2-8D2A-DEAE9A87D8F0}"
EndProject
Project("{FAE04EC0-301F-11D3-BF4B-00C04F79EFBC}") = "MovieSvc.Application", "MovieSvc.Application\MovieSvc.Application.csproj", "{36F93672-FAD4-4EC7-BA7C-2BE1BBA61C6B}"
EndProject
Global
	GlobalSection(SolutionConfigurationPlatforms) = preSolution
		Debug|Any CPU = Debug|Any CPU
		Release|Any CPU = Release|Any CPU
	EndGlobalSection
	GlobalSection(ProjectConfigurationPlatforms) = postSolution
		{8C613230-A3DE-49E6-A980-F9756DABA9C5}.Debug|Any CPU.ActiveCfg = Debug|Any CPU
		{8C613230-A3DE-49E6-A980-F9756DABA9C5}.Debug|Any CPU.Build.0 = Debug|Any CPU
		{8C613230-A3DE-49E6-A980-F9756DABA9C5}.Release|Any CPU.ActiveCfg = Release|Any CPU
		{8C613230-A3DE-49E6-A980-F9756DABA9C5}.Release|Any CPU.Build.0 = Release|Any CPU
		{04C99D60-F271-4A64-A143-19EF83621230}.Debug|Any CPU.ActiveCfg = Debug|Any CPU
		{04C99D60-F271-4A64-A143-19EF83621230}.Debug|Any CPU.Build.0 = Debug|Any CPU
		{04C99D60-F271-4A64-A143-19EF83621230}.Release|Any CPU.ActiveCfg = Release|Any CPU
		{04C99D60-F271-4A64-A143-19EF83621230}.Release|Any CPU.Build.0 = Release|Any CPU
		{22F32B2F-7CFD-42B2-8D2A-DEAE9A87D8F0}.Debug|Any CPU.ActiveCfg = Debug|Any CPU
		{22F32B2F-7CFD-42B2-8D2A-DEAE9A87D8F0}.Debug|Any CPU.Build.0 = Debug|Any CPU
		{22F32B2F-7CFD-42B2-8D2A-DEAE9A87D8F0}.Release|Any CPU.ActiveCfg = Release|Any CPU
		{22F32B2F-7CFD-42B2-8D2A-DEAE9A87D8F0}.Release|Any CPU.Build.0 = Release|Any CPU
		{36F93672-FAD4-4EC7-BA7C-2BE1BBA61C6B}.Debug|Any CPU.ActiveCfg = Debug|Any CPU
		{36F93672-FAD4-4EC7-BA7C-2BE1BBA61C6B}.Debug|Any CPU.Build.0 = Debug|Any CPU
		{36F93672-FAD4-4EC7-BA7C-2BE1BBA61C6B}.Release|Any CPU.ActiveCfg = Release|Any CPU
		{36F93672-FAD4-4EC7-BA7C-2BE1BBA61C6B}.Release|Any CPU.Build.0 = Release|Any CPU
	EndGlobalSection
	GlobalSection(NestedProjects) = preSolution
		{D78C225C-6DF6-4028-9BFE-1C14A0768E79} = {18C4E63F-878E-4BA2-8E18-E34B3D44E39A}
		{1F8E3857-ACB4-4FCB-AEB3-F49F6B17166F} = {18C4E63F-878E-4BA2-8E18-E34B3D44E39A}
		{69AC6BF1-44E4-4D82-BC87-62F6691354C4} = {18C4E63F-878E-4BA2-8E18-E34B3D44E39A}
		{8C613230-A3DE-49E6-A980-F9756DABA9C5} = {D78C225C-6DF6-4028-9BFE-1C14A0768E79}
		{04C99D60-F271-4A64-A143-19EF83621230} = {1F8E3857-ACB4-4FCB-AEB3-F49F6B17166F}
		{22F32B2F-7CFD-42B2-8D2A-DEAE9A87D8F0} = {69AC6BF1-44E4-4D82-BC87-62F6691354C4}
		{36F93672-FAD4-4EC7-BA7C-2BE1BBA61C6B} = {1F8E3857-ACB4-4FCB-AEB3-F49F6B17166F}
	EndGlobalSection
EndGlobal
